
Microsoft Visual Studio Solution File, Format Version 12.00
# Visual Studio Version 16
VisualStudioVersion = 16.0.28922.388
MinimumVisualStudioVersion = 15.0.26124.0
Project("{9A19103F-16F7-4668-BE54-9A1E7A4F7556}") = "Function", "src\Function\Function.csproj", "{7A5DF031-AF5D-4A42-B64E-18929FF57F70}"
EndProject
Global
	GlobalSection(SolutionConfigurationPlatforms) = preSolution
		Debug|Any CPU = Debug|Any CPU
		Release|Any CPU = Release|Any CPU
	EndGlobalSection
	GlobalSection(ProjectConfigurationPlatforms) = postSolution
		{7A5DF031-AF5D-4A42-B64E-18929FF57F70}.Debug|Any CPU.ActiveCfg = Debug|Any CPU
		{7A5DF031-AF5D-4A42-B64E-18929FF57F70}.Debug|Any CPU.Build.0 = Debug|Any CPU
		{7A5DF031-AF5D-4A42-B64E-18929FF57F70}.Release|Any CPU.ActiveCfg = Release|Any CPU
		{7A5DF031-AF5D-4A42-B64E-18929FF57F70}.Release|Any CPU.Build.0 = Release|Any CPU
	EndGlobalSection
	GlobalSection(SolutionProperties) = preSolution
		HideSolutionNode = FALSE
	EndGlobalSection
	GlobalSection(ExtensibilityGlobals) = postSolution
		SolutionGuid = {A1BA2389-EB50-4182-B174-C69D612A13B7}
	EndGlobalSection
EndGlobal
