
Microsoft Visual Studio Solution File, Format Version 12.00
# Visual Studio Version 16
VisualStudioVersion = 16.0.28922.388
MinimumVisualStudioVersion = 15.0.26124.0
Project("{9A19103F-16F7-4668-BE54-9A1E7A4F7556}") = "Function", "src\Function\Function.csproj", "{7A5DF031-AF5D-4A42-B64E-18929FF57F70}"
EndProject
Project("{9A19103F-16F7-4668-BE54-9A1E7A4F7556}") = "Function.Tests", "src\Function.Tests\Function.Tests.csproj", "{FDF6275B-7A84-4850-A795-BB6AA529FA07}"
EndProject
Project("{2150E333-8FDC-42A3-9474-1A3956D46DE8}") = "Solution Items", "Solution Items", "{9E797FE4-9278-4817-9EE8-FA63D162AACD}"
	ProjectSection(SolutionItems) = preProject
		azure-pipelines.yml = azure-pipelines.yml
	EndProjectSection
EndProject
Global
	GlobalSection(SolutionConfigurationPlatforms) = preSolution
		Debug|Any CPU = Debug|Any CPU
		Release|Any CPU = Release|Any CPU
	EndGlobalSection
	GlobalSection(ProjectConfigurationPlatforms) = postSolution
		{7A5DF031-AF5D-4A42-B64E-18929FF57F70}.Debug|Any CPU.ActiveCfg = Debug|Any CPU
		{7A5DF031-AF5D-4A42-B64E-18929FF57F70}.Debug|Any CPU.Build.0 = Debug|Any CPU
		{7A5DF031-AF5D-4A42-B64E-18929FF57F70}.Release|Any CPU.ActiveCfg = Release|Any CPU
		{7A5DF031-AF5D-4A42-B64E-18929FF57F70}.Release|Any CPU.Build.0 = Release|Any CPU
		{FDF6275B-7A84-4850-A795-BB6AA529FA07}.Debug|Any CPU.ActiveCfg = Debug|Any CPU
		{FDF6275B-7A84-4850-A795-BB6AA529FA07}.Debug|Any CPU.Build.0 = Debug|Any CPU
		{FDF6275B-7A84-4850-A795-BB6AA529FA07}.Release|Any CPU.ActiveCfg = Release|Any CPU
		{FDF6275B-7A84-4850-A795-BB6AA529FA07}.Release|Any CPU.Build.0 = Release|Any CPU
	EndGlobalSection
	GlobalSection(SolutionProperties) = preSolution
		HideSolutionNode = FALSE
	EndGlobalSection
	GlobalSection(ExtensibilityGlobals) = postSolution
		SolutionGuid = {A1BA2389-EB50-4182-B174-C69D612A13B7}
	EndGlobalSection
EndGlobal
